// !$*UTF8*$!
{
	archiveVersion = 1;
	classes = {
	};
	objectVersion = 46;
	objects = {

/* Begin PBXBuildFile section */
		D6486B871F1967D700998792 /* main.m in Sources */ = {isa = PBXBuildFile; fileRef = D6486B861F1967D700998792 /* main.m */; };
		D6486B8A1F1967D700998792 /* AppDelegate.m in Sources */ = {isa = PBXBuildFile; fileRef = D6486B891F1967D700998792 /* AppDelegate.m */; };
		D6486B8D1F1967D700998792 /* ViewController.m in Sources */ = {isa = PBXBuildFile; fileRef = D6486B8C1F1967D700998792 /* ViewController.m */; };
		D6486B901F1967D700998792 /* Main.storyboard in Resources */ = {isa = PBXBuildFile; fileRef = D6486B8E1F1967D700998792 /* Main.storyboard */; };
		D6486B921F1967D700998792 /* Assets.xcassets in Resources */ = {isa = PBXBuildFile; fileRef = D6486B911F1967D700998792 /* Assets.xcassets */; };
		D6486B951F1967D700998792 /* LaunchScreen.storyboard in Resources */ = {isa = PBXBuildFile; fileRef = D6486B931F1967D700998792 /* LaunchScreen.storyboard */; };
/* End PBXBuildFile section */

/* Begin PBXFileReference section */
		D6486B821F1967D700998792 /* JSONParsing.app */ = {isa = PBXFileReference; explicitFileType = wrapper.application; includeInIndex = 0; path = JSONParsing.app; sourceTree = BUILT_PRODUCTS_DIR; };
		D6486B861F1967D700998792 /* main.m */ = {isa = PBXFileReference; lastKnownFileType = sourcecode.c.objc; path = main.m; sourceTree = "<group>"; };
		D6486B881F1967D700998792 /* AppDelegate.h */ = {isa = PBXFileReference; lastKnownFileType = sourcecode.c.h; path = AppDelegate.h; sourceTree = "<group>"; };
		D6486B891F1967D700998792 /* AppDelegate.m */ = {isa = PBXFileReference; lastKnownFileType = sourcecode.c.objc; path = AppDelegate.m; sourceTree = "<group>"; };
		D6486B8B1F1967D700998792 /* ViewController.h */ = {isa = PBXFileReference; lastKnownFileType = sourcecode.c.h; path = ViewController.h; sourceTree = "<group>"; };
		D6486B8C1F1967D700998792 /* ViewController.m */ = {isa = PBXFileReference; lastKnownFileType = sourcecode.c.objc; path = ViewController.m; sourceTree = "<group>"; };
		D6486B8F1F1967D700998792 /* Base */ = {isa = PBXFileReference; lastKnownFileType = file.storyboard; name = Base; path = Base.lproj/Main.storyboard; sourceTree = "<group>"; };
		D6486B911F1967D700998792 /* Assets.xcassets */ = {isa = PBXFileReference; lastKnownFileType = folder.assetcatalog; path = Assets.xcassets; sourceTree = "<group>"; };
		D6486B941F1967D700998792 /* Base */ = {isa = PBXFileReference; lastKnownFileType = file.storyboard; name = Base; path = Base.lproj/LaunchScreen.storyboard; sourceTree = "<group>"; };
		D6486B961F1967D700998792 /* Info.plist */ = {isa = PBXFileReference; lastKnownFileType = text.plist.xml; path = Info.plist; sourceTree = "<group>"; };
/* End PBXFileReference section */

/* Begin PBXFrameworksBuildPhase section */
		D6486B7F1F1967D700998792 /* Frameworks */ = {
			isa = PBXFrameworksBuildPhase;
			buildActionMask = 2147483647;
			files = (
			);
			runOnlyForDeploymentPostprocessing = 0;
		};
/* End PBXFrameworksBuildPhase section */

/* Begin PBXGroup section */
		D6486B791F1967D700998792 = {
			isa = PBXGroup;
			children = (
				D6486B841F1967D700998792 /* JSONParsing */,
				D6486B831F1967D700998792 /* Products */,
			);
			sourceTree = "<group>";
		};
		D6486B831F1967D700998792 /* Products */ = {
			isa = PBXGroup;
			children = (
				D6486B821F1967D700998792 /* JSONParsing.app */,
			);
			name = Products;
			sourceTree = "<group>";
		};
		D6486B841F1967D700998792 /* JSONParsing */ = {
			isa = PBXGroup;
			children = (
				D6486B881F1967D700998792 /* AppDelegate.h */,
				D6486B891F1967D700998792 /* AppDelegate.m */,
				D6486B8B1F1967D700998792 /* ViewController.h */,
				D6486B8C1F1967D700998792 /* ViewController.m */,
				D6486B8E1F1967D700998792 /* Main.storyboard */,
				D6486B911F1967D700998792 /* Assets.xcassets */,
				D6486B931F1967D700998792 /* LaunchScreen.storyboard */,
				D6486B961F1967D700998792 /* Info.plist */,
				D6486B851F1967D700998792 /* Supporting Files */,
			);
			path = JSONParsing;
			sourceTree = "<group>";
		};
		D6486B851F1967D700998792 /* Supporting Files */ = {
			isa = PBXGroup;
			children = (
				D6486B861F1967D700998792 /* main.m */,
			);
			name = "Supporting Files";
			sourceTree = "<group>";
		};
/* End PBXGroup section */

/* Begin PBXNativeTarget section */
		D6486B811F1967D700998792 /* JSONParsing */ = {
			isa = PBXNativeTarget;
			buildConfigurationList = D6486B991F1967D700998792 /* Build configuration list for PBXNativeTarget "JSONParsing" */;
			buildPhases = (
				D6486B7E1F1967D700998792 /* Sources */,
				D6486B7F1F1967D700998792 /* Frameworks */,
				D6486B801F1967D700998792 /* Resources */,
			);
			buildRules = (
			);
			dependencies = (
			);
			name = JSONParsing;
			productName = JSONParsing;
			productReference = D6486B821F1967D700998792 /* JSONParsing.app */;
			productType = "com.apple.product-type.application";
		};
/* End PBXNativeTarget section */

/* Begin PBXProject section */
		D6486B7A1F1967D700998792 /* Project object */ = {
			isa = PBXProject;
			attributes = {
				LastUpgradeCheck = 0830;
				ORGANIZATIONNAME = JSONParsing;
				TargetAttributes = {
					D6486B811F1967D700998792 = {
						CreatedOnToolsVersion = 8.3.2;
						DevelopmentTeam = V5Z2RLNA6H;
						ProvisioningStyle = Automatic;
					};
				};
			};
			buildConfigurationList = D6486B7D1F1967D700998792 /* Build configuration list for PBXProject "JSONParsing" */;
			compatibilityVersion = "Xcode 3.2";
			developmentRegion = English;
			hasScannedForEncodings = 0;
			knownRegions = (
				en,
				Base,
			);
			mainGroup = D6486B791F1967D700998792;
			productRefGroup = D6486B831F1967D700998792 /* Products */;
			projectDirPath = "";
			projectRoot = "";
			targets = (
				D6486B811F1967D700998792 /* JSONParsing */,
			);
		};
/* End PBXProject section */

/* Begin PBXResourcesBuildPhase section */
		D6486B801F1967D700998792 /* Resources */ = {
			isa = PBXResourcesBuildPhase;
			buildActionMask = 2147483647;
			files = (
				D6486B951F1967D700998792 /* LaunchScreen.storyboard in Resources */,
				D6486B921F1967D700998792 /* Assets.xcassets in Resources */,
				D6486B901F1967D700998792 /* Main.storyboard in Resources */,
			);
			runOnlyForDeploymentPostprocessing = 0;
		};
/* End PBXResourcesBuildPhase section */

/* Begin PBXSourcesBuildPhase section */
		D6486B7E1F1967D700998792 /* Sources */ = {
			isa = PBXSourcesBuildPhase;
			buildActionMask = 2147483647;
			files = (
				D6486B8D1F1967D700998792 /* ViewController.m in Sources */,
				D6486B8A1F1967D700998792 /* AppDelegate.m in Sources */,
				D6486B871F1967D700998792 /* main.m in Sources */,
			);
			runOnlyForDeploymentPostprocessing = 0;
		};
/* End PBXSourcesBuildPhase section */

/* Begin PBXVariantGroup section */
		D6486B8E1F1967D700998792 /* Main.storyboard */ = {
			isa = PBXVariantGroup;
			children = (
				D6486B8F1F1967D700998792 /* Base */,
			);
			name = Main.storyboard;
			sourceTree = "<group>";
		};
		D6486B931F1967D700998792 /* LaunchScreen.storyboard */ = {
			isa = PBXVariantGroup;
			children = (
				D6486B941F1967D700998792 /* Base */,
			);
			name = LaunchScreen.storyboard;
			sourceTree = "<group>";
		};
/* End PBXVariantGroup section */

/* Begin XCBuildConfiguration section */
		D6486B971F1967D700998792 /* Debug */ = {
			isa = XCBuildConfiguration;
			buildSettings = {
				ALWAYS_SEARCH_USER_PATHS = NO;
				CLANG_ANALYZER_NONNULL = YES;
				CLANG_ANALYZER_NUMBER_OBJECT_CONVERSION = YES_AGGRESSIVE;
				CLANG_CXX_LANGUAGE_STANDARD = "gnu++0x";
				CLANG_CXX_LIBRARY = "libc++";
				CLANG_ENABLE_MODULES = YES;
				CLANG_ENABLE_OBJC_ARC = YES;
				CLANG_WARN_BOOL_CONVERSION = YES;
				CLANG_WARN_CONSTANT_CONVERSION = YES;
				CLANG_WARN_DIRECT_OBJC_ISA_USAGE = YES_ERROR;
				CLANG_WARN_DOCUMENTATION_COMMENTS = YES;
				CLANG_WARN_EMPTY_BODY = YES;
				CLANG_WARN_ENUM_CONVERSION = YES;
				CLANG_WARN_INFINITE_RECURSION = YES;
				CLANG_WARN_INT_CONVERSION = YES;
				CLANG_WARN_OBJC_ROOT_CLASS = YES_ERROR;
				CLANG_WARN_SUSPICIOUS_MOVE = YES;
				CLANG_WARN_UNREACHABLE_CODE = YES;
				CLANG_WARN__DUPLICATE_METHOD_MATCH = YES;
				"CODE_SIGN_IDENTITY[sdk=iphoneos*]" = "iPhone Developer";
				COPY_PHASE_STRIP = NO;
				DEBUG_INFORMATION_FORMAT = dwarf;
				ENABLE_STRICT_OBJC_MSGSEND = YES;
				ENABLE_TESTABILITY = YES;
				GCC_C_LANGUAGE_STANDARD = gnu99;
				GCC_DYNAMIC_NO_PIC = NO;
				GCC_NO_COMMON_BLOCKS = YES;
				GCC_OPTIMIZATION_LEVEL = 0;
				GCC_PREPROCESSOR_DEFINITIONS = (
					"DEBUG=1",
					"$(inherited)",
				);
				GCC_WARN_64_TO_32_BIT_CONVERSION = YES;
				GCC_WARN_ABOUT_RETURN_TYPE = YES_ERROR;
				GCC_WARN_UNDECLARED_SELECTOR = YES;
				GCC_WARN_UNINITIALIZED_AUTOS = YES_AGGRESSIVE;
				GCC_WARN_UNUSED_FUNCTION = YES;
				GCC_WARN_UNUSED_VARIABLE = YES;
				IPHONEOS_DEPLOYMENT_TARGET = 10.3;
				MTL_ENABLE_DEBUG_INFO = YES;
				ONLY_ACTIVE_ARCH = YES;
				SDKROOT = iphoneos;
				TARGETED_DEVICE_FAMILY = "1,2";
			};
			name = Debug;
		};
		D6486B981F1967D700998792 /* Release */ = {
			isa = XCBuildConfiguration;
			buildSettings = {
				ALWAYS_SEARCH_USER_PATHS = NO;
				CLANG_ANALYZER_NONNULL = YES;
				CLANG_ANALYZER_NUMBER_OBJECT_CONVERSION = YES_AGGRESSIVE;
				CLANG_CXX_LANGUAGE_STANDARD = "gnu++0x";
				CLANG_CXX_LIBRARY = "libc++";
				CLANG_ENABLE_MODULES = YES;
				CLANG_ENABLE_OBJC_ARC = YES;
				CLANG_WARN_BOOL_CONVERSION = YES;
				CLANG_WARN_CONSTANT_CONVERSION = YES;
				CLANG_WARN_DIRECT_OBJC_ISA_USAGE = YES_ERROR;
				CLANG_WARN_DOCUMENTATION_COMMENTS = YES;
				CLANG_WARN_EMPTY_BODY = YES;
				CLANG_WARN_ENUM_CONVERSION = YES;
				CLANG_WARN_INFINITE_RECURSION = YES;
				CLANG_WARN_INT_CONVERSION = YES;
				CLANG_WARN_OBJC_ROOT_CLASS = YES_ERROR;
				CLANG_WARN_SUSPICIOUS_MOVE = YES;
				CLANG_WARN_UNREACHABLE_CODE = YES;
				CLANG_WARN__DUPLICATE_METHOD_MATCH = YES;
				"CODE_SIGN_IDENTITY[sdk=iphoneos*]" = "iPhone Developer";
				COPY_PHASE_STRIP = NO;
				DEBUG_INFORMATION_FORMAT = "dwarf-with-dsym";
				ENABLE_NS_ASSERTIONS = NO;
				ENABLE_STRICT_OBJC_MSGSEND = YES;
				GCC_C_LANGUAGE_STANDARD = gnu99;
				GCC_NO_COMMON_BLOCKS = YES;
				GCC_WARN_64_TO_32_BIT_CONVERSION = YES;
				GCC_WARN_ABOUT_RETURN_TYPE = YES_ERROR;
				GCC_WARN_UNDECLARED_SELECTOR = YES;
				GCC_WARN_UNINITIALIZED_AUTOS = YES_AGGRESSIVE;
				GCC_WARN_UNUSED_FUNCTION = YES;
				GCC_WARN_UNUSED_VARIABLE = YES;
				IPHONEOS_DEPLOYMENT_TARGET = 10.3;
				MTL_ENABLE_DEBUG_INFO = NO;
				SDKROOT = iphoneos;
				TARGETED_DEVICE_FAMILY = "1,2";
				VALIDATE_PRODUCT = YES;
			};
			name = Release;
		};
		D6486B9A1F1967D700998792 /* Debug */ = {
			isa = XCBuildConfiguration;
			buildSettings = {
				ASSETCATALOG_COMPILER_APPICON_NAME = AppIcon;
				DEVELOPMENT_TEAM = V5Z2RLNA6H;
				INFOPLIST_FILE = JSONParsing/Info.plist;
				LD_RUNPATH_SEARCH_PATHS = "$(inherited) @executable_path/Frameworks";
				PRODUCT_BUNDLE_IDENTIFIER = JSONParsing.JSONParsing;
				PRODUCT_NAME = "$(TARGET_NAME)";
			};
			name = Debug;
		};
		D6486B9B1F1967D700998792 /* Release */ = {
			isa = XCBuildConfiguration;
			buildSettings = {
				ASSETCATALOG_COMPILER_APPICON_NAME = AppIcon;
				DEVELOPMENT_TEAM = V5Z2RLNA6H;
				INFOPLIST_FILE = JSONParsing/Info.plist;
				LD_RUNPATH_SEARCH_PATHS = "$(inherited) @executable_path/Frameworks";
				PRODUCT_BUNDLE_IDENTIFIER = JSONParsing.JSONParsing;
				PRODUCT_NAME = "$(TARGET_NAME)";
			};
			name = Release;
		};
/* End XCBuildConfiguration section */

/* Begin XCConfigurationList section */
		D6486B7D1F1967D700998792 /* Build configuration list for PBXProject "JSONParsing" */ = {
			isa = XCConfigurationList;
			buildConfigurations = (
				D6486B971F1967D700998792 /* Debug */,
				D6486B981F1967D700998792 /* Release */,
			);
			defaultConfigurationIsVisible = 0;
			defaultConfigurationName = Release;
		};
		D6486B991F1967D700998792 /* Build configuration list for PBXNativeTarget "JSONParsing" */ = {
			isa = XCConfigurationList;
			buildConfigurations = (
				D6486B9A1F1967D700998792 /* Debug */,
				D6486B9B1F1967D700998792 /* Release */,
			);
			defaultConfigurationIsVisible = 0;
		};
/* End XCConfigurationList section */
	};
	rootObject = D6486B7A1F1967D700998792 /* Project object */;
}
